
Microsoft Visual Studio Solution File, Format Version 12.00
# Visual Studio Version 17
VisualStudioVersion = 17.8.34212.112
MinimumVisualStudioVersion = 10.0.40219.1
Project("{FAE04EC0-301F-11D3-BF4B-00C04F79EFBC}") = "CFP.Api", "CFP.Api\CFP.Api.csproj", "{120BBB5A-D03E-41C3-B658-6F2292D596C0}"
EndProject
Global
	GlobalSection(SolutionConfigurationPlatforms) = preSolution
		Debug|Any CPU = Debug|Any CPU
		Release|Any CPU = Release|Any CPU
	EndGlobalSection
	GlobalSection(ProjectConfigurationPlatforms) = postSolution
		{120BBB5A-D03E-41C3-B658-6F2292D596C0}.Debug|Any CPU.ActiveCfg = Debug|Any CPU
		{120BBB5A-D03E-41C3-B658-6F2292D596C0}.Debug|Any CPU.Build.0 = Debug|Any CPU
		{120BBB5A-D03E-41C3-B658-6F2292D596C0}.Release|Any CPU.ActiveCfg = Release|Any CPU
		{120BBB5A-D03E-41C3-B658-6F2292D596C0}.Release|Any CPU.Build.0 = Release|Any CPU
	EndGlobalSection
	GlobalSection(SolutionProperties) = preSolution
		HideSolutionNode = FALSE
	EndGlobalSection
	GlobalSection(ExtensibilityGlobals) = postSolution
		SolutionGuid = {959AA19C-8345-43D1-8971-7AEC6E22B04E}
	EndGlobalSection
EndGlobal
